
Microsoft Visual Studio Solution File, Format Version 12.00
# Visual Studio Version 16
VisualStudioVersion = 16.0.30104.148
MinimumVisualStudioVersion = 10.0.40219.1
Project("{FAE04EC0-301F-11D3-BF4B-00C04F79EFBC}") = "VMF Viewer", "VMF Viewer.csproj", "{9F7865E3-34FE-4B97-92E8-3FB6B020730E}"
EndProject
Global
	GlobalSection(SolutionConfigurationPlatforms) = preSolution
		Debug|Any CPU = Debug|Any CPU
		Release|Any CPU = Release|Any CPU
	EndGlobalSection
	GlobalSection(ProjectConfigurationPlatforms) = postSolution
		{9F7865E3-34FE-4B97-92E8-3FB6B020730E}.Debug|Any CPU.ActiveCfg = Debug|Any CPU
		{9F7865E3-34FE-4B97-92E8-3FB6B020730E}.Debug|Any CPU.Build.0 = Debug|Any CPU
		{9F7865E3-34FE-4B97-92E8-3FB6B020730E}.Release|Any CPU.ActiveCfg = Release|Any CPU
		{9F7865E3-34FE-4B97-92E8-3FB6B020730E}.Release|Any CPU.Build.0 = Release|Any CPU
	EndGlobalSection
	GlobalSection(SolutionProperties) = preSolution
		HideSolutionNode = FALSE
	EndGlobalSection
	GlobalSection(ExtensibilityGlobals) = postSolution
		SolutionGuid = {2EF22768-2C8F-4B2F-89FF-C8FFCCE885FE}
	EndGlobalSection
EndGlobal
